
Microsoft Visual Studio Solution File, Format Version 12.00
# Visual Studio Version 17
VisualStudioVersion = 17.6.33712.159
MinimumVisualStudioVersion = 10.0.40219.1
Project("{FAE04EC0-301F-11D3-BF4B-00C04F79EFBC}") = "BankSystem", "BankSystem.csproj", "{977AE5D0-1E99-4783-A77C-BBFF968722E6}"
EndProject
Global
	GlobalSection(SolutionConfigurationPlatforms) = preSolution
		Debug|Any CPU = Debug|Any CPU
		Release|Any CPU = Release|Any CPU
	EndGlobalSection
	GlobalSection(ProjectConfigurationPlatforms) = postSolution
		{977AE5D0-1E99-4783-A77C-BBFF968722E6}.Debug|Any CPU.ActiveCfg = Debug|Any CPU
		{977AE5D0-1E99-4783-A77C-BBFF968722E6}.Debug|Any CPU.Build.0 = Debug|Any CPU
		{977AE5D0-1E99-4783-A77C-BBFF968722E6}.Release|Any CPU.ActiveCfg = Release|Any CPU
		{977AE5D0-1E99-4783-A77C-BBFF968722E6}.Release|Any CPU.Build.0 = Release|Any CPU
	EndGlobalSection
	GlobalSection(SolutionProperties) = preSolution
		HideSolutionNode = FALSE
	EndGlobalSection
	GlobalSection(ExtensibilityGlobals) = postSolution
		SolutionGuid = {984C4B65-0A62-4F3B-939E-4806287609CC}
	EndGlobalSection
EndGlobal
